
Microsoft Visual Studio Solution File, Format Version 12.00
# Visual Studio 15
Project("{FAE04EC0-301F-11D3-BF4B-00C04F79EFBC}") = "Assembly-CSharp", "Assembly-CSharp.csproj", "{BF7B132B-2997-2B50-7277-E11055E8F488}"
EndProject
Project("{FAE04EC0-301F-11D3-BF4B-00C04F79EFBC}") = "Assembly-CSharp-Editor-firstpass", "Assembly-CSharp-Editor-firstpass.csproj", "{52068CCE-492E-94D3-FF5E-C70196C32891}"
EndProject
Global
	GlobalSection(SolutionConfigurationPlatforms) = preSolution
		Debug|Any CPU = Debug|Any CPU
		Release|Any CPU = Release|Any CPU
	EndGlobalSection
	GlobalSection(ProjectConfigurationPlatforms) = postSolution
		{BF7B132B-2997-2B50-7277-E11055E8F488}.Debug|Any CPU.ActiveCfg = Debug|Any CPU
		{BF7B132B-2997-2B50-7277-E11055E8F488}.Debug|Any CPU.Build.0 = Debug|Any CPU
		{BF7B132B-2997-2B50-7277-E11055E8F488}.Release|Any CPU.ActiveCfg = Release|Any CPU
		{BF7B132B-2997-2B50-7277-E11055E8F488}.Release|Any CPU.Build.0 = Release|Any CPU
		{52068CCE-492E-94D3-FF5E-C70196C32891}.Debug|Any CPU.ActiveCfg = Debug|Any CPU
		{52068CCE-492E-94D3-FF5E-C70196C32891}.Debug|Any CPU.Build.0 = Debug|Any CPU
		{52068CCE-492E-94D3-FF5E-C70196C32891}.Release|Any CPU.ActiveCfg = Release|Any CPU
		{52068CCE-492E-94D3-FF5E-C70196C32891}.Release|Any CPU.Build.0 = Release|Any CPU
	EndGlobalSection
	GlobalSection(SolutionProperties) = preSolution
		HideSolutionNode = FALSE
	EndGlobalSection
EndGlobal
